
Microsoft Visual Studio Solution File, Format Version 12.00
# Visual Studio Version 16
VisualStudioVersion = 16.0.30128.74
MinimumVisualStudioVersion = 10.0.40219.1
Project("{FAE04EC0-301F-11D3-BF4B-00C04F79EFBC}") = "WebApiCore", "WebApiCore\WebApiCore.csproj", "{48DDBAEA-1B45-44FF-9609-82D465989949}"
EndProject
Global
	GlobalSection(SolutionConfigurationPlatforms) = preSolution
		Debug|Any CPU = Debug|Any CPU
		Release|Any CPU = Release|Any CPU
	EndGlobalSection
	GlobalSection(ProjectConfigurationPlatforms) = postSolution
		{48DDBAEA-1B45-44FF-9609-82D465989949}.Debug|Any CPU.ActiveCfg = Debug|Any CPU
		{48DDBAEA-1B45-44FF-9609-82D465989949}.Debug|Any CPU.Build.0 = Debug|Any CPU
		{48DDBAEA-1B45-44FF-9609-82D465989949}.Release|Any CPU.ActiveCfg = Release|Any CPU
		{48DDBAEA-1B45-44FF-9609-82D465989949}.Release|Any CPU.Build.0 = Release|Any CPU
	EndGlobalSection
	GlobalSection(SolutionProperties) = preSolution
		HideSolutionNode = FALSE
	EndGlobalSection
	GlobalSection(ExtensibilityGlobals) = postSolution
		SolutionGuid = {759A3FE5-0FAC-41E5-95A4-0DA49319F520}
	EndGlobalSection
EndGlobal
